{
  "name": "@imyuyu/zentao-cli",
  "version": "0.1.0",
  "lockfileVersion": 3,
  "requires": true,
  "packages": {
    "": {
      "name": "@imyuyu/zentao-cli",
      "version": "0.1.0",
      "cpu": [
        "x64",
        "arm64"
      ],
      "hasInstallScript": true,
      "license": "MIT",
      "os": [
        "win32",
        "linux",
        "darwin"
      ],
      "bin": {
        "zentao-cli": "bin/zentao.exe"
      }
    }
  }
}
